
Microsoft Visual Studio Solution File, Format Version 12.00
# Visual Studio Version 17
VisualStudioVersion = 17.8.34330.188
MinimumVisualStudioVersion = 10.0.40219.1
Project("{9A19103F-16F7-4668-BE54-9A1E7A4F7556}") = "HavaDurumu", "HavaDurumu.csproj", "{5E67F830-0AB6-46BA-A8DC-DB1A4CE99D12}"
EndProject
Global
	GlobalSection(SolutionConfigurationPlatforms) = preSolution
		Debug|Any CPU = Debug|Any CPU
		Release|Any CPU = Release|Any CPU
	EndGlobalSection
	GlobalSection(ProjectConfigurationPlatforms) = postSolution
		{5E67F830-0AB6-46BA-A8DC-DB1A4CE99D12}.Debug|Any CPU.ActiveCfg = Debug|Any CPU
		{5E67F830-0AB6-46BA-A8DC-DB1A4CE99D12}.Debug|Any CPU.Build.0 = Debug|Any CPU
		{5E67F830-0AB6-46BA-A8DC-DB1A4CE99D12}.Release|Any CPU.ActiveCfg = Release|Any CPU
		{5E67F830-0AB6-46BA-A8DC-DB1A4CE99D12}.Release|Any CPU.Build.0 = Release|Any CPU
	EndGlobalSection
	GlobalSection(SolutionProperties) = preSolution
		HideSolutionNode = FALSE
	EndGlobalSection
	GlobalSection(ExtensibilityGlobals) = postSolution
		SolutionGuid = {1566BB48-71D3-4BC4-8F51-0C23078A8255}
	EndGlobalSection
EndGlobal
